
Microsoft Visual Studio Solution File, Format Version 12.00
# Visual Studio Version 17
VisualStudioVersion = 17.8.34511.84
MinimumVisualStudioVersion = 10.0.40219.1
Project("{9A19103F-16F7-4668-BE54-9A1E7A4F7556}") = "StarterGame", "StarterGame.csproj", "{1F38896B-7B1B-4404-BB8E-3806F1FD7711}"
EndProject
Global
	GlobalSection(SolutionConfigurationPlatforms) = preSolution
		Debug|Any CPU = Debug|Any CPU
		Release|Any CPU = Release|Any CPU
	EndGlobalSection
	GlobalSection(ProjectConfigurationPlatforms) = postSolution
		{1F38896B-7B1B-4404-BB8E-3806F1FD7711}.Debug|Any CPU.ActiveCfg = Debug|Any CPU
		{1F38896B-7B1B-4404-BB8E-3806F1FD7711}.Debug|Any CPU.Build.0 = Debug|Any CPU
		{1F38896B-7B1B-4404-BB8E-3806F1FD7711}.Release|Any CPU.ActiveCfg = Release|Any CPU
		{1F38896B-7B1B-4404-BB8E-3806F1FD7711}.Release|Any CPU.Build.0 = Release|Any CPU
	EndGlobalSection
	GlobalSection(SolutionProperties) = preSolution
		HideSolutionNode = FALSE
	EndGlobalSection
	GlobalSection(ExtensibilityGlobals) = postSolution
		SolutionGuid = {F6B7B62B-9F8B-4FBB-9F69-D1D393854171}
	EndGlobalSection
EndGlobal
